Microsoft Visual Studio Solution File, Format Version 7.00
Project("{F184B08F-C81C-45F6-A57F-5ABD9991F28F}") = "Interprete", "Interprete.vbproj", "{6252D52F-6A7F-41E6-9848-788B6CCB4DDB}"
EndProject
Global
	GlobalSection(SolutionConfiguration) = preSolution
		ConfigName.0 = Debug
		ConfigName.1 = Release
	EndGlobalSection
	GlobalSection(ProjectDependencies) = postSolution
	EndGlobalSection
	GlobalSection(ProjectConfiguration) = postSolution
		{6252D52F-6A7F-41E6-9848-788B6CCB4DDB}.Debug.ActiveCfg = Debug|.NET
		{6252D52F-6A7F-41E6-9848-788B6CCB4DDB}.Debug.Build.0 = Debug|.NET
		{6252D52F-6A7F-41E6-9848-788B6CCB4DDB}.Release.ActiveCfg = Release|.NET
		{6252D52F-6A7F-41E6-9848-788B6CCB4DDB}.Release.Build.0 = Release|.NET
	EndGlobalSection
	GlobalSection(ExtensibilityGlobals) = postSolution
	EndGlobalSection
	GlobalSection(ExtensibilityAddIns) = postSolution
	EndGlobalSection
EndGlobal
